// !$*UTF8*$!
{
	archiveVersion = 1;
	classes = {
	};
	objectVersion = 63;
	objects = {

/* Begin PBXBuildFile section */
		A6751766E9A0A40483B95AC5 /* OAuthLanguageModelsDemoApp.swift in Sources */ = {isa = PBXBuildFile; fileRef = 69E111BE0D76FEBBDB65DD23 /* OAuthLanguageModelsDemoApp.swift */; };
		EF95AFD86AD9A86F4B810BA5 /* ContentView.swift in Sources */ = {isa = PBXBuildFile; fileRef = D351CD49F8EE9D4C6755CDA1 /* ContentView.swift */; };
		FE16BFB60CA56AC0C8FD6E01 /* OAuthLanguageModels in Frameworks */ = {isa = PBXBuildFile; productRef = A6925B32770B58F2BFB40074 /* OAuthLanguageModels */; };
/* End PBXBuildFile section */

/* Begin PBXFileReference section */
		69E111BE0D76FEBBDB65DD23 /* OAuthLanguageModelsDemoApp.swift */ = {isa = PBXFileReference; lastKnownFileType = sourcecode.swift; path = OAuthLanguageModelsDemoApp.swift; sourceTree = "<group>"; };
		6B18FC50640F42931A60CAF4 /* Info.plist */ = {isa = PBXFileReference; lastKnownFileType = text.plist; path = Info.plist; sourceTree = "<group>"; };
		D263048F3588CD76BF3EE083 /* OAuthLanguageModelsDemo.app */ = {isa = PBXFileReference; explicitFileType = wrapper.application; includeInIndex = 0; path = OAuthLanguageModelsDemo.app; sourceTree = BUILT_PRODUCTS_DIR; };
		D351CD49F8EE9D4C6755CDA1 /* ContentView.swift */ = {isa = PBXFileReference; lastKnownFileType = sourcecode.swift; path = ContentView.swift; sourceTree = "<group>"; };
		F9A330F7CD9801806B92695D /* OAuthLanguageModels */ = {isa = PBXFileReference; lastKnownFileType = folder; name = OAuthLanguageModels; path = ../..; sourceTree = SOURCE_ROOT; };
/* End PBXFileReference section */

/* Begin PBXFrameworksBuildPhase section */
		1C6720EB0A173115B272F380 /* Frameworks */ = {
			isa = PBXFrameworksBuildPhase;
			buildActionMask = 2147483647;
			files = (
				FE16BFB60CA56AC0C8FD6E01 /* OAuthLanguageModels in Frameworks */,
			);
			runOnlyForDeploymentPostprocessing = 0;
		};
/* End PBXFrameworksBuildPhase section */

/* Begin PBXGroup section */
		07F60684D0E108AAA7A4EF1F = {
			isa = PBXGroup;
			children = (
				E894BF360CFC047A11C32AC7 /* OAuthLanguageModelsDemo */,
				6E6C625AF35284A2014DFA2A /* Packages */,
				E7CCF6799B8469620EEAFD98 /* Products */,
			);
			sourceTree = "<group>";
		};
		6E6C625AF35284A2014DFA2A /* Packages */ = {
			isa = PBXGroup;
			children = (
				F9A330F7CD9801806B92695D /* OAuthLanguageModels */,
			);
			name = Packages;
			sourceTree = "<group>";
		};
		E7CCF6799B8469620EEAFD98 /* Products */ = {
			isa = PBXGroup;
			children = (
				D263048F3588CD76BF3EE083 /* OAuthLanguageModelsDemo.app */,
			);
			name = Products;
			sourceTree = "<group>";
		};
		E894BF360CFC047A11C32AC7 /* OAuthLanguageModelsDemo */ = {
			isa = PBXGroup;
			children = (
				D351CD49F8EE9D4C6755CDA1 /* ContentView.swift */,
				6B18FC50640F42931A60CAF4 /* Info.plist */,
				69E111BE0D76FEBBDB65DD23 /* OAuthLanguageModelsDemoApp.swift */,
			);
			path = OAuthLanguageModelsDemo;
			sourceTree = "<group>";
		};
/* End PBXGroup section */

/* Begin PBXNativeTarget section */
		3E07064AE01A93F8B4A1D63A /* OAuthLanguageModelsDemo */ = {
			isa = PBXNativeTarget;
			buildConfigurationList = CADB67AC497A3BAA9CF4ECE7 /* Build configuration list for PBXNativeTarget "OAuthLanguageModelsDemo" */;
			buildPhases = (
				C793898756C7EB97012020E2 /* Sources */,
				1C6720EB0A173115B272F380 /* Frameworks */,
			);
			buildRules = (
			);
			dependencies = (
			);
			name = OAuthLanguageModelsDemo;
			packageProductDependencies = (
				A6925B32770B58F2BFB40074 /* OAuthLanguageModels */,
			);
			productName = OAuthLanguageModelsDemo;
			productReference = D263048F3588CD76BF3EE083 /* OAuthLanguageModelsDemo.app */;
			productType = "com.apple.product-type.application";
		};
/* End PBXNativeTarget section */

/* Begin PBXProject section */
		273B15C1261BE37C4497D976 /* Project object */ = {
			isa = PBXProject;
			attributes = {
				BuildIndependentTargetsInParallel = YES;
				LastUpgradeCheck = 1430;
				TargetAttributes = {
					3E07064AE01A93F8B4A1D63A = {
						ProvisioningStyle = Automatic;
					};
				};
			};
			buildConfigurationList = DC18A60A0842625E5572181B /* Build configuration list for PBXProject "OAuthLanguageModelsDemo" */;
			compatibilityVersion = "Xcode 14.0";
			developmentRegion = en;
			hasScannedForEncodings = 0;
			knownRegions = (
				Base,
				en,
			);
			mainGroup = 07F60684D0E108AAA7A4EF1F;
			minimizedProjectReferenceProxies = 1;
			packageReferences = (
				1A1F3CAA180A84575D82C532 /* XCLocalSwiftPackageReference "../.." */,
			);
			projectDirPath = "";
			projectRoot = "";
			targets = (
				3E07064AE01A93F8B4A1D63A /* OAuthLanguageModelsDemo */,
			);
		};
/* End PBXProject section */

/* Begin PBXSourcesBuildPhase section */
		C793898756C7EB97012020E2 /* Sources */ = {
			isa = PBXSourcesBuildPhase;
			buildActionMask = 2147483647;
			files = (
				EF95AFD86AD9A86F4B810BA5 /* ContentView.swift in Sources */,
				A6751766E9A0A40483B95AC5 /* OAuthLanguageModelsDemoApp.swift in Sources */,
			);
			runOnlyForDeploymentPostprocessing = 0;
		};
/* End PBXSourcesBuildPhase section */

/* Begin XCBuildConfiguration section */
		2B4E6A7F75AB43C37C011756 /* Debug */ = {
			isa = XCBuildConfiguration;
			buildSettings = {
				ALWAYS_SEARCH_USER_PATHS = NO;
				CLANG_ANALYZER_NONNULL = YES;
				CLANG_ANALYZER_NUMBER_OBJECT_CONVERSION = YES_AGGRESSIVE;
				CLANG_CXX_LANGUAGE_STANDARD = "gnu++14";
				CLANG_CXX_LIBRARY = "libc++";
				CLANG_ENABLE_MODULES = YES;
				CLANG_ENABLE_OBJC_ARC = YES;
				CLANG_ENABLE_OBJC_WEAK = YES;
				CLANG_WARN_BLOCK_CAPTURE_AUTORELEASING = YES;
				CLANG_WARN_BOOL_CONVERSION = YES;
				CLANG_WARN_COMMA = YES;
				CLANG_WARN_CONSTANT_CONVERSION = YES;
				CLANG_WARN_DEPRECATED_OBJC_IMPLEMENTATIONS = YES;
				CLANG_WARN_DIRECT_OBJC_ISA_USAGE = YES_ERROR;
				CLANG_WARN_DOCUMENTATION_COMMENTS = YES;
				CLANG_WARN_EMPTY_BODY = YES;
				CLANG_WARN_ENUM_CONVERSION = YES;
				CLANG_WARN_INFINITE_RECURSION = YES;
				CLANG_WARN_INT_CONVERSION = YES;
				CLANG_WARN_NON_LITERAL_NULL_CONVERSION = YES;
				CLANG_WARN_OBJC_IMPLICIT_RETAIN_SELF = YES;
				CLANG_WARN_OBJC_LITERAL_CONVERSION = YES;
				CLANG_WARN_OBJC_ROOT_CLASS = YES_ERROR;
				CLANG_WARN_QUOTED_INCLUDE_IN_FRAMEWORK_HEADER = YES;
				CLANG_WARN_RANGE_LOOP_ANALYSIS = YES;
				CLANG_WARN_STRICT_PROTOTYPES = YES;
				CLANG_WARN_SUSPICIOUS_MOVE = YES;
				CLANG_WARN_UNGUARDED_AVAILABILITY = YES_AGGRESSIVE;
				CLANG_WARN_UNREACHABLE_CODE = YES;
				CLANG_WARN__DUPLICATE_METHOD_MATCH = YES;
				COPY_PHASE_STRIP = NO;
				DEBUG_INFORMATION_FORMAT = dwarf;
				ENABLE_STRICT_OBJC_MSGSEND = YES;
				ENABLE_TESTABILITY = YES;
				GCC_C_LANGUAGE_STANDARD = gnu11;
				GCC_DYNAMIC_NO_PIC = NO;
				GCC_NO_COMMON_BLOCKS = YES;
				GCC_OPTIMIZATION_LEVEL = 0;
				GCC_PREPROCESSOR_DEFINITIONS = (
					"$(inherited)",
					"DEBUG=1",
				);
				GCC_WARN_64_TO_32_BIT_CONVERSION = YES;
				GCC_WARN_ABOUT_RETURN_TYPE = YES_ERROR;
				GCC_WARN_UNDECLARED_SELECTOR = YES;
				GCC_WARN_UNINITIALIZED_AUTOS = YES_AGGRESSIVE;
				GCC_WARN_UNUSED_FUNCTION = YES;
				GCC_WARN_UNUSED_VARIABLE = YES;
				IPHONEOS_DEPLOYMENT_TARGET = 27.0;
				MTL_ENABLE_DEBUG_INFO = INCLUDE_SOURCE;
				MTL_FAST_MATH = YES;
				ONLY_ACTIVE_ARCH = YES;
				PRODUCT_NAME = "$(TARGET_NAME)";
				SDKROOT = iphoneos;
				SWIFT_ACTIVE_COMPILATION_CONDITIONS = DEBUG;
				SWIFT_OPTIMIZATION_LEVEL = "-Onone";
				SWIFT_VERSION = 5.0;
			};
			name = Debug;
		};
		6DE5E1E86AC26DBB96039FF6 /* Release */ = {
			isa = XCBuildConfiguration;
			buildSettings = {
				ALWAYS_SEARCH_USER_PATHS = NO;
				CLANG_ANALYZER_NONNULL = YES;
				CLANG_ANALYZER_NUMBER_OBJECT_CONVERSION = YES_AGGRESSIVE;
				CLANG_CXX_LANGUAGE_STANDARD = "gnu++14";
				CLANG_CXX_LIBRARY = "libc++";
				CLANG_ENABLE_MODULES = YES;
				CLANG_ENABLE_OBJC_ARC = YES;
				CLANG_ENABLE_OBJC_WEAK = YES;
				CLANG_WARN_BLOCK_CAPTURE_AUTORELEASING = YES;
				CLANG_WARN_BOOL_CONVERSION = YES;
				CLANG_WARN_COMMA = YES;
				CLANG_WARN_CONSTANT_CONVERSION = YES;
				CLANG_WARN_DEPRECATED_OBJC_IMPLEMENTATIONS = YES;
				CLANG_WARN_DIRECT_OBJC_ISA_USAGE = YES_ERROR;
				CLANG_WARN_DOCUMENTATION_COMMENTS = YES;
				CLANG_WARN_EMPTY_BODY = YES;
				CLANG_WARN_ENUM_CONVERSION = YES;
				CLANG_WARN_INFINITE_RECURSION = YES;
				CLANG_WARN_INT_CONVERSION = YES;
				CLANG_WARN_NON_LITERAL_NULL_CONVERSION = YES;
				CLANG_WARN_OBJC_IMPLICIT_RETAIN_SELF = YES;
				CLANG_WARN_OBJC_LITERAL_CONVERSION = YES;
				CLANG_WARN_OBJC_ROOT_CLASS = YES_ERROR;
				CLANG_WARN_QUOTED_INCLUDE_IN_FRAMEWORK_HEADER = YES;
				CLANG_WARN_RANGE_LOOP_ANALYSIS = YES;
				CLANG_WARN_STRICT_PROTOTYPES = YES;
				CLANG_WARN_SUSPICIOUS_MOVE = YES;
				CLANG_WARN_UNGUARDED_AVAILABILITY = YES_AGGRESSIVE;
				CLANG_WARN_UNREACHABLE_CODE = YES;
				CLANG_WARN__DUPLICATE_METHOD_MATCH = YES;
				COPY_PHASE_STRIP = NO;
				DEBUG_INFORMATION_FORMAT = "dwarf-with-dsym";
				ENABLE_NS_ASSERTIONS = NO;
				ENABLE_STRICT_OBJC_MSGSEND = YES;
				GCC_C_LANGUAGE_STANDARD = gnu11;
				GCC_NO_COMMON_BLOCKS = YES;
				GCC_WARN_64_TO_32_BIT_CONVERSION = YES;
				GCC_WARN_ABOUT_RETURN_TYPE = YES_ERROR;
				GCC_WARN_UNDECLARED_SELECTOR = YES;
				GCC_WARN_UNINITIALIZED_AUTOS = YES_AGGRESSIVE;
				GCC_WARN_UNUSED_FUNCTION = YES;
				GCC_WARN_UNUSED_VARIABLE = YES;
				IPHONEOS_DEPLOYMENT_TARGET = 27.0;
				MTL_ENABLE_DEBUG_INFO = NO;
				MTL_FAST_MATH = YES;
				PRODUCT_NAME = "$(TARGET_NAME)";
				SDKROOT = iphoneos;
				SWIFT_COMPILATION_MODE = wholemodule;
				SWIFT_OPTIMIZATION_LEVEL = "-O";
				SWIFT_VERSION = 5.0;
			};
			name = Release;
		};
		6E3EC349B2377FCDD4221166 /* Release */ = {
			isa = XCBuildConfiguration;
			buildSettings = {
				ASSETCATALOG_COMPILER_APPICON_NAME = AppIcon;
				CODE_SIGN_IDENTITY = "iPhone Developer";
				CODE_SIGN_STYLE = Automatic;
				DEVELOPMENT_TEAM = YF6GMG9Q86;
				INFOPLIST_FILE = OAuthLanguageModelsDemo/Info.plist;
				IPHONEOS_DEPLOYMENT_TARGET = 27.0;
				LD_RUNPATH_SEARCH_PATHS = (
					"$(inherited)",
					"@executable_path/Frameworks",
				);
				PRODUCT_BUNDLE_IDENTIFIER = com.finnvoorhees.OAuthLanguageModelsDemo;
				SDKROOT = iphoneos;
				SWIFT_VERSION = 6.0;
				TARGETED_DEVICE_FAMILY = "1,2";
			};
			name = Release;
		};
		89E93E6CBC1E1BE1EC802CB9 /* Debug */ = {
			isa = XCBuildConfiguration;
			buildSettings = {
				ASSETCATALOG_COMPILER_APPICON_NAME = AppIcon;
				CODE_SIGN_IDENTITY = "iPhone Developer";
				CODE_SIGN_STYLE = Automatic;
				DEVELOPMENT_TEAM = YF6GMG9Q86;
				INFOPLIST_FILE = OAuthLanguageModelsDemo/Info.plist;
				IPHONEOS_DEPLOYMENT_TARGET = 27.0;
				LD_RUNPATH_SEARCH_PATHS = (
					"$(inherited)",
					"@executable_path/Frameworks",
				);
				PRODUCT_BUNDLE_IDENTIFIER = com.finnvoorhees.OAuthLanguageModelsDemo;
				SDKROOT = iphoneos;
				SWIFT_VERSION = 6.0;
				TARGETED_DEVICE_FAMILY = "1,2";
			};
			name = Debug;
		};
/* End XCBuildConfiguration section */

/* Begin XCConfigurationList section */
		CADB67AC497A3BAA9CF4ECE7 /* Build configuration list for PBXNativeTarget "OAuthLanguageModelsDemo" */ = {
			isa = XCConfigurationList;
			buildConfigurations = (
				89E93E6CBC1E1BE1EC802CB9 /* Debug */,
				6E3EC349B2377FCDD4221166 /* Release */,
			);
			defaultConfigurationIsVisible = 0;
			defaultConfigurationName = Debug;
		};
		DC18A60A0842625E5572181B /* Build configuration list for PBXProject "OAuthLanguageModelsDemo" */ = {
			isa = XCConfigurationList;
			buildConfigurations = (
				2B4E6A7F75AB43C37C011756 /* Debug */,
				6DE5E1E86AC26DBB96039FF6 /* Release */,
			);
			defaultConfigurationIsVisible = 0;
			defaultConfigurationName = Debug;
		};
/* End XCConfigurationList section */

/* Begin XCLocalSwiftPackageReference section */
		1A1F3CAA180A84575D82C532 /* XCLocalSwiftPackageReference "../.." */ = {
			isa = XCLocalSwiftPackageReference;
			relativePath = ../..;
		};
/* End XCLocalSwiftPackageReference section */

/* Begin XCSwiftPackageProductDependency section */
		A6925B32770B58F2BFB40074 /* OAuthLanguageModels */ = {
			isa = XCSwiftPackageProductDependency;
			productName = OAuthLanguageModels;
		};
/* End XCSwiftPackageProductDependency section */
	};
	rootObject = 273B15C1261BE37C4497D976 /* Project object */;
}
